
Microsoft Visual Studio Solution File, Format Version 12.00
# Visual Studio Version 17
VisualStudioVersion = 17.13.36105.23 d17.13
MinimumVisualStudioVersion = 10.0.40219.1
Project("{FAE04EC0-301F-11D3-BF4B-00C04F79EFBC}") = "aQuelalS6", "aQuelalS6.csproj", "{F41617FE-51DD-42C9-81E4-8A20527F89CB}"
EndProject
Global
	GlobalSection(SolutionConfigurationPlatforms) = preSolution
		Debug|Any CPU = Debug|Any CPU
		Release|Any CPU = Release|Any CPU
	EndGlobalSection
	GlobalSection(ProjectConfigurationPlatforms) = postSolution
		{F41617FE-51DD-42C9-81E4-8A20527F89CB}.Debug|Any CPU.ActiveCfg = Debug|Any CPU
		{F41617FE-51DD-42C9-81E4-8A20527F89CB}.Debug|Any CPU.Build.0 = Debug|Any CPU
		{F41617FE-51DD-42C9-81E4-8A20527F89CB}.Release|Any CPU.ActiveCfg = Release|Any CPU
		{F41617FE-51DD-42C9-81E4-8A20527F89CB}.Release|Any CPU.Build.0 = Release|Any CPU
	EndGlobalSection
	GlobalSection(SolutionProperties) = preSolution
		HideSolutionNode = FALSE
	EndGlobalSection
	GlobalSection(ExtensibilityGlobals) = postSolution
		SolutionGuid = {6CE15CE8-D35A-4B8D-9A57-6A593A8E4F42}
	EndGlobalSection
EndGlobal
